
Microsoft Visual Studio Solution File, Format Version 12.00
# Visual Studio Version 17
VisualStudioVersion = 17.10.35122.118
MinimumVisualStudioVersion = 10.0.40219.1
Project("{FAE04EC0-301F-11D3-BF4B-00C04F79EFBC}") = "Api", "Api\Api.csproj", "{55CFAD4C-19D0-40A1-B2A8-7FF871284D1D}"
EndProject
Project("{FAE04EC0-301F-11D3-BF4B-00C04F79EFBC}") = "BioDataApi", "BioDataApi\BioDataApi.csproj", "{92D076C3-9DE6-4850-BD25-783E97DA9D9E}"
EndProject
Project("{FAE04EC0-301F-11D3-BF4B-00C04F79EFBC}") = "ResultApi", "ResultApi\ResultApi.csproj", "{F0F53D47-1D3E-44FE-B1ED-F131DCC5C196}"
EndProject
Project("{FAE04EC0-301F-11D3-BF4B-00C04F79EFBC}") = "Application", "Application\Application.csproj", "{B1AAD5A9-66A4-48F5-98F6-937776AF5BAC}"
EndProject
Project("{FAE04EC0-301F-11D3-BF4B-00C04F79EFBC}") = "Persistence", "Persistence\Persistence.csproj", "{3E830865-29B1-4BB6-9386-68B074458A55}"
EndProject
Global
	GlobalSection(SolutionConfigurationPlatforms) = preSolution
		Debug|Any CPU = Debug|Any CPU
		Release|Any CPU = Release|Any CPU
	EndGlobalSection
	GlobalSection(ProjectConfigurationPlatforms) = postSolution
		{55CFAD4C-19D0-40A1-B2A8-7FF871284D1D}.Debug|Any CPU.ActiveCfg = Debug|Any CPU
		{55CFAD4C-19D0-40A1-B2A8-7FF871284D1D}.Debug|Any CPU.Build.0 = Debug|Any CPU
		{55CFAD4C-19D0-40A1-B2A8-7FF871284D1D}.Release|Any CPU.ActiveCfg = Release|Any CPU
		{55CFAD4C-19D0-40A1-B2A8-7FF871284D1D}.Release|Any CPU.Build.0 = Release|Any CPU
		{92D076C3-9DE6-4850-BD25-783E97DA9D9E}.Debug|Any CPU.ActiveCfg = Debug|Any CPU
		{92D076C3-9DE6-4850-BD25-783E97DA9D9E}.Debug|Any CPU.Build.0 = Debug|Any CPU
		{92D076C3-9DE6-4850-BD25-783E97DA9D9E}.Release|Any CPU.ActiveCfg = Release|Any CPU
		{92D076C3-9DE6-4850-BD25-783E97DA9D9E}.Release|Any CPU.Build.0 = Release|Any CPU
		{F0F53D47-1D3E-44FE-B1ED-F131DCC5C196}.Debug|Any CPU.ActiveCfg = Debug|Any CPU
		{F0F53D47-1D3E-44FE-B1ED-F131DCC5C196}.Debug|Any CPU.Build.0 = Debug|Any CPU
		{F0F53D47-1D3E-44FE-B1ED-F131DCC5C196}.Release|Any CPU.ActiveCfg = Release|Any CPU
		{F0F53D47-1D3E-44FE-B1ED-F131DCC5C196}.Release|Any CPU.Build.0 = Release|Any CPU
		{B1AAD5A9-66A4-48F5-98F6-937776AF5BAC}.Debug|Any CPU.ActiveCfg = Debug|Any CPU
		{B1AAD5A9-66A4-48F5-98F6-937776AF5BAC}.Debug|Any CPU.Build.0 = Debug|Any CPU
		{B1AAD5A9-66A4-48F5-98F6-937776AF5BAC}.Release|Any CPU.ActiveCfg = Release|Any CPU
		{B1AAD5A9-66A4-48F5-98F6-937776AF5BAC}.Release|Any CPU.Build.0 = Release|Any CPU
		{3E830865-29B1-4BB6-9386-68B074458A55}.Debug|Any CPU.ActiveCfg = Debug|Any CPU
		{3E830865-29B1-4BB6-9386-68B074458A55}.Debug|Any CPU.Build.0 = Debug|Any CPU
		{3E830865-29B1-4BB6-9386-68B074458A55}.Release|Any CPU.ActiveCfg = Release|Any CPU
		{3E830865-29B1-4BB6-9386-68B074458A55}.Release|Any CPU.Build.0 = Release|Any CPU
	EndGlobalSection
	GlobalSection(SolutionProperties) = preSolution
		HideSolutionNode = FALSE
	EndGlobalSection
	GlobalSection(ExtensibilityGlobals) = postSolution
		SolutionGuid = {041BE20F-A4AD-421A-97C7-8D2E72631D0F}
	EndGlobalSection
EndGlobal
